
Microsoft Visual Studio Solution File, Format Version 12.00
# Visual Studio Version 17
VisualStudioVersion = 17.3.32901.215
MinimumVisualStudioVersion = 10.0.40219.1
Project("{8BC9CEB8-8B4A-11D0-8D11-00A0C91BC942}") = "ProjetoCG", "ProjetoCG\ProjetoCG.vcxproj", "{82E8FBE1-BC3C-4161-A382-1C466B183261}"
EndProject
Global
	GlobalSection(SolutionConfigurationPlatforms) = preSolution
		Debug|x64 = Debug|x64
		Debug|x86 = Debug|x86
		Release|x64 = Release|x64
		Release|x86 = Release|x86
	EndGlobalSection
	GlobalSection(ProjectConfigurationPlatforms) = postSolution
		{82E8FBE1-BC3C-4161-A382-1C466B183261}.Debug|x64.ActiveCfg = Debug|x64
		{82E8FBE1-BC3C-4161-A382-1C466B183261}.Debug|x64.Build.0 = Debug|x64
		{82E8FBE1-BC3C-4161-A382-1C466B183261}.Debug|x86.ActiveCfg = Debug|Win32
		{82E8FBE1-BC3C-4161-A382-1C466B183261}.Debug|x86.Build.0 = Debug|Win32
		{82E8FBE1-BC3C-4161-A382-1C466B183261}.Release|x64.ActiveCfg = Release|x64
		{82E8FBE1-BC3C-4161-A382-1C466B183261}.Release|x64.Build.0 = Release|x64
		{82E8FBE1-BC3C-4161-A382-1C466B183261}.Release|x86.ActiveCfg = Release|Win32
		{82E8FBE1-BC3C-4161-A382-1C466B183261}.Release|x86.Build.0 = Release|Win32
	EndGlobalSection
	GlobalSection(SolutionProperties) = preSolution
		HideSolutionNode = FALSE
	EndGlobalSection
	GlobalSection(ExtensibilityGlobals) = postSolution
		SolutionGuid = {008AC84B-D1DD-4550-AF4F-08F1F2765AB6}
	EndGlobalSection
EndGlobal
